
Microsoft Visual Studio Solution File, Format Version 12.00
# Visual Studio 2012
Project("{FAE04EC0-301F-11D3-BF4B-00C04F79EFBC}") = "BadBehavior", "BadBehavior\BadBehavior.csproj", "{1B6905E8-4CB8-40B8-AFA2-9C0D8A133ABC}"
EndProject
Project("{FAE04EC0-301F-11D3-BF4B-00C04F79EFBC}") = "BadBehavior.Tests", "BadBehavior.Tests\BadBehavior.Tests.csproj", "{456EF74C-B54B-4DFE-B93C-975E99D6A440}"
EndProject
Project("{2150E333-8FDC-42A3-9474-1A3956D46DE8}") = ".nuget", ".nuget", "{850756AA-40CD-4A50-96CA-1C7BA3D226A8}"
	ProjectSection(SolutionItems) = preProject
		.nuget\packages.config = .nuget\packages.config
	EndProjectSection
EndProject
Project("{2150E333-8FDC-42A3-9474-1A3956D46DE8}") = "notes", "notes", "{2327FDD2-F586-425E-BF80-D98C183BF951}"
	ProjectSection(SolutionItems) = preProject
		porting.txt = porting.txt
	EndProjectSection
EndProject
Project("{2150E333-8FDC-42A3-9474-1A3956D46DE8}") = ".version", ".version", "{A7C0925D-372D-4CEA-B4FE-0C72521BAC76}"
	ProjectSection(SolutionItems) = preProject
		VersionInfo.cs = VersionInfo.cs
	EndProjectSection
EndProject
Project("{FAE04EC0-301F-11D3-BF4B-00C04F79EFBC}") = "Website", "Website\Website.csproj", "{F68B2041-3215-4C2C-BC4D-4DA5103511A2}"
EndProject
Global
	GlobalSection(SolutionConfigurationPlatforms) = preSolution
		Debug|Any CPU = Debug|Any CPU
		Release|Any CPU = Release|Any CPU
	EndGlobalSection
	GlobalSection(ProjectConfigurationPlatforms) = postSolution
		{1B6905E8-4CB8-40B8-AFA2-9C0D8A133ABC}.Debug|Any CPU.ActiveCfg = Debug|Any CPU
		{1B6905E8-4CB8-40B8-AFA2-9C0D8A133ABC}.Debug|Any CPU.Build.0 = Debug|Any CPU
		{1B6905E8-4CB8-40B8-AFA2-9C0D8A133ABC}.Release|Any CPU.ActiveCfg = Release|Any CPU
		{1B6905E8-4CB8-40B8-AFA2-9C0D8A133ABC}.Release|Any CPU.Build.0 = Release|Any CPU
		{456EF74C-B54B-4DFE-B93C-975E99D6A440}.Debug|Any CPU.ActiveCfg = Debug|Any CPU
		{456EF74C-B54B-4DFE-B93C-975E99D6A440}.Debug|Any CPU.Build.0 = Debug|Any CPU
		{456EF74C-B54B-4DFE-B93C-975E99D6A440}.Release|Any CPU.ActiveCfg = Release|Any CPU
		{456EF74C-B54B-4DFE-B93C-975E99D6A440}.Release|Any CPU.Build.0 = Release|Any CPU
		{F68B2041-3215-4C2C-BC4D-4DA5103511A2}.Debug|Any CPU.ActiveCfg = Debug|Any CPU
		{F68B2041-3215-4C2C-BC4D-4DA5103511A2}.Debug|Any CPU.Build.0 = Debug|Any CPU
		{F68B2041-3215-4C2C-BC4D-4DA5103511A2}.Release|Any CPU.ActiveCfg = Release|Any CPU
		{F68B2041-3215-4C2C-BC4D-4DA5103511A2}.Release|Any CPU.Build.0 = Release|Any CPU
	EndGlobalSection
	GlobalSection(SolutionProperties) = preSolution
		HideSolutionNode = FALSE
	EndGlobalSection
EndGlobal
